
Microsoft Visual Studio Solution File, Format Version 12.00
# Visual Studio Version 17
VisualStudioVersion = 17.3.32929.385
MinimumVisualStudioVersion = 10.0.40219.1
Project("{FAE04EC0-301F-11D3-BF4B-00C04F79EFBC}") = "3Kurs_Izbiraema0", "3Kurs_Izbiraema0.csproj", "{A9311985-6232-42D4-B154-9DBA794D05E2}"
EndProject
Global
	GlobalSection(SolutionConfigurationPlatforms) = preSolution
		Debug|Any CPU = Debug|Any CPU
		Release|Any CPU = Release|Any CPU
	EndGlobalSection
	GlobalSection(ProjectConfigurationPlatforms) = postSolution
		{A9311985-6232-42D4-B154-9DBA794D05E2}.Debug|Any CPU.ActiveCfg = Debug|Any CPU
		{A9311985-6232-42D4-B154-9DBA794D05E2}.Debug|Any CPU.Build.0 = Debug|Any CPU
		{A9311985-6232-42D4-B154-9DBA794D05E2}.Release|Any CPU.ActiveCfg = Release|Any CPU
		{A9311985-6232-42D4-B154-9DBA794D05E2}.Release|Any CPU.Build.0 = Release|Any CPU
	EndGlobalSection
	GlobalSection(SolutionProperties) = preSolution
		HideSolutionNode = FALSE
	EndGlobalSection
	GlobalSection(ExtensibilityGlobals) = postSolution
		SolutionGuid = {FFA71BB4-9A6F-4AE0-921F-4AC57183163B}
	EndGlobalSection
EndGlobal
